# @generated - this file is auto-generated by `mise lock` https://mise.en.dev/dev-tools/mise-lock.html

[[tools.go]]
version = "1.26.4"
backend = "core:go"

[tools.go."platforms.macos-arm64"]
url = "https://dl.google.com/go/go1.26.4.darwin-arm64.tar.gz"

[[tools.lua]]
version = "5.5.0"
backend = "vfox:mise-plugins/vfox-lua"

[tools.lua."platforms.macos-arm64"]
url = "https://www.lua.org/ftp/lua-5.5.0.tar.gz"

[[tools.node]]
version = "26.3.0"
backend = "core:node"

[tools.node."platforms.macos-arm64"]
checksum = "sha256:77ef7f7a15aa757c2ca19d63cf41c8d9eb3b18590ebc6883871310787d8c6b6c"
url = "https://nodejs.org/dist/v26.3.0/node-v26.3.0-darwin-arm64.tar.gz"

[[tools.python]]
version = "3.14.6"
backend = "core:python"

[tools.python."platforms.macos-arm64"]
checksum = "sha256:e0d4e5066aef3248c22e08a07546bfd5edeaca904c91fadc296be720998ec2ec"
url = "https://github.com/astral-sh/python-build-standalone/releases/download/20260804/cpython-3.14.6+20260804-aarch64-apple-darwin-install_only_stripped.tar.gz"

[[tools.ruby]]
version = "4.0.5"
backend = "core:ruby"

[tools.ruby.options]
compile = "false"
precompiled_url = "jdx/ruby"
ruby_build_repo = "https://github.com/rbenv/ruby-build.git"
ruby_install = "false"

[tools.ruby."platforms.macos-arm64"]
checksum = "sha256:46ff3bcc22e3a6cc524ae857d8efdc826c8c1c70b2ef050e09b7ccaa6d5e8d2e"
url = "https://github.com/jdx/ruby/releases/download/4.0.5-3/ruby-4.0.5.macos.tar.gz"
provenance = "github-attestations"

[[tools.rust]]
version = "1.96.0"
backend = "core:rust"

[[tools.zig]]
version = "0.15.2"
backend = "core:zig"

[tools.zig."platforms.macos-arm64"]
checksum = "sha256:3cc2bab367e185cdfb27501c4b30b1b0653c28d9f73df8dc91488e66ece5fa6b"
url = "https://ziglang.org/download/0.15.2/zig-aarch64-macos-0.15.2.tar.xz"
